// !$*UTF8*$!
{
	archiveVersion = 1;
	classes = {
	};
	objectVersion = 46;
	objects = {

/* Begin PBXBuildFile section */
		363A2F8222F1D939006B28C1 /* DeviceView.swift in Sources */ = {isa = PBXBuildFile; fileRef = 363A2F8122F1D939006B28C1 /* DeviceView.swift */; };
		363A2F8422F1E199006B28C1 /* ConfigurationView.swift in Sources */ = {isa = PBXBuildFile; fileRef = 363A2F8322F1E199006B28C1 /* ConfigurationView.swift */; };
		363A2F8622F1E1CB006B28C1 /* DeviceListView.swift in Sources */ = {isa = PBXBuildFile; fileRef = 363A2F8522F1E1CB006B28C1 /* DeviceListView.swift */; };
		3667602F22F0787500AB6C96 /* AppDelegate.swift in Sources */ = {isa = PBXBuildFile; fileRef = 3667602E22F0787500AB6C96 /* AppDelegate.swift */; };
		3667603122F0787500AB6C96 /* ViewController.swift in Sources */ = {isa = PBXBuildFile; fileRef = 3667603022F0787500AB6C96 /* ViewController.swift */; };
		3667603322F0787600AB6C96 /* Assets.xcassets in Resources */ = {isa = PBXBuildFile; fileRef = 3667603222F0787600AB6C96 /* Assets.xcassets */; };
		3667603622F0787600AB6C96 /* Main.storyboard in Resources */ = {isa = PBXBuildFile; fileRef = 3667603422F0787600AB6C96 /* Main.storyboard */; };
		3667604222F0787600AB6C96 /* AudioFixerTests.swift in Sources */ = {isa = PBXBuildFile; fileRef = 3667604122F0787600AB6C96 /* AudioFixerTests.swift */; };
		3667604D22F0787600AB6C96 /* AudioFixerUITests.swift in Sources */ = {isa = PBXBuildFile; fileRef = 3667604C22F0787600AB6C96 /* AudioFixerUITests.swift */; };
		3667605A22F07A3E00AB6C96 /* AudioService.swift in Sources */ = {isa = PBXBuildFile; fileRef = 3667605922F07A3E00AB6C96 /* AudioService.swift */; };
		3667605D22F07CB300AB6C96 /* AudioDevice.swift in Sources */ = {isa = PBXBuildFile; fileRef = 3667605C22F07CB300AB6C96 /* AudioDevice.swift */; };
		3667606022F0828C00AB6C96 /* DeviceRowView.swift in Sources */ = {isa = PBXBuildFile; fileRef = 3667605F22F0828C00AB6C96 /* DeviceRowView.swift */; };
		3667606222F086C400AB6C96 /* SignalStream.swift in Sources */ = {isa = PBXBuildFile; fileRef = 3667606122F086C400AB6C96 /* SignalStream.swift */; };
		3667606522F0896000AB6C96 /* ViewModel.swift in Sources */ = {isa = PBXBuildFile; fileRef = 3667606422F0896000AB6C96 /* ViewModel.swift */; };
		3667606922F1923500AB6C96 /* UserDefaultsWrapper.swift in Sources */ = {isa = PBXBuildFile; fileRef = 3667606822F1923500AB6C96 /* UserDefaultsWrapper.swift */; };
/* End PBXBuildFile section */

/* Begin PBXContainerItemProxy section */
		3667603E22F0787600AB6C96 /* PBXContainerItemProxy */ = {
			isa = PBXContainerItemProxy;
			containerPortal = OBJ_1 /* Project object */;
			proxyType = 1;
			remoteGlobalIDString = 3667602B22F0787500AB6C96;
			remoteInfo = AudioFixer;
		};
		3667604922F0787600AB6C96 /* PBXContainerItemProxy */ = {
			isa = PBXContainerItemProxy;
			containerPortal = OBJ_1 /* Project object */;
			proxyType = 1;
			remoteGlobalIDString = 3667602B22F0787500AB6C96;
			remoteInfo = AudioFixer;
		};
/* End PBXContainerItemProxy section */

/* Begin PBXFileReference section */
		363A2F8122F1D939006B28C1 /* DeviceView.swift */ = {isa = PBXFileReference; lastKnownFileType = sourcecode.swift; path = DeviceView.swift; sourceTree = "<group>"; };
		363A2F8322F1E199006B28C1 /* ConfigurationView.swift */ = {isa = PBXFileReference; lastKnownFileType = sourcecode.swift; path = ConfigurationView.swift; sourceTree = "<group>"; };
		363A2F8522F1E1CB006B28C1 /* DeviceListView.swift */ = {isa = PBXFileReference; lastKnownFileType = sourcecode.swift; path = DeviceListView.swift; sourceTree = "<group>"; };
		3667602C22F0787500AB6C96 /* AudioFixer.app */ = {isa = PBXFileReference; explicitFileType = wrapper.application; includeInIndex = 0; path = AudioFixer.app; sourceTree = BUILT_PRODUCTS_DIR; };
		3667602E22F0787500AB6C96 /* AppDelegate.swift */ = {isa = PBXFileReference; lastKnownFileType = sourcecode.swift; path = AppDelegate.swift; sourceTree = "<group>"; };
		3667603022F0787500AB6C96 /* ViewController.swift */ = {isa = PBXFileReference; lastKnownFileType = sourcecode.swift; path = ViewController.swift; sourceTree = "<group>"; };
		3667603222F0787600AB6C96 /* Assets.xcassets */ = {isa = PBXFileReference; lastKnownFileType = folder.assetcatalog; path = Assets.xcassets; sourceTree = "<group>"; };
		3667603522F0787600AB6C96 /* Base */ = {isa = PBXFileReference; lastKnownFileType = file.storyboard; name = Base; path = Base.lproj/Main.storyboard; sourceTree = "<group>"; };
		3667603722F0787600AB6C96 /* Info.plist */ = {isa = PBXFileReference; lastKnownFileType = text.plist.xml; path = Info.plist; sourceTree = "<group>"; };
		3667603822F0787600AB6C96 /* AudioFixer.entitlements */ = {isa = PBXFileReference; lastKnownFileType = text.plist.entitlements; path = AudioFixer.entitlements; sourceTree = "<group>"; };
		3667603D22F0787600AB6C96 /* AudioFixerTests.xctest */ = {isa = PBXFileReference; explicitFileType = wrapper.cfbundle; includeInIndex = 0; path = AudioFixerTests.xctest; sourceTree = BUILT_PRODUCTS_DIR; };
		3667604122F0787600AB6C96 /* AudioFixerTests.swift */ = {isa = PBXFileReference; lastKnownFileType = sourcecode.swift; path = AudioFixerTests.swift; sourceTree = "<group>"; };
		3667604322F0787600AB6C96 /* Info.plist */ = {isa = PBXFileReference; lastKnownFileType = text.plist.xml; path = Info.plist; sourceTree = "<group>"; };
		3667604822F0787600AB6C96 /* AudioFixerUITests.xctest */ = {isa = PBXFileReference; explicitFileType = wrapper.cfbundle; includeInIndex = 0; path = AudioFixerUITests.xctest; sourceTree = BUILT_PRODUCTS_DIR; };
		3667604C22F0787600AB6C96 /* AudioFixerUITests.swift */ = {isa = PBXFileReference; lastKnownFileType = sourcecode.swift; path = AudioFixerUITests.swift; sourceTree = "<group>"; };
		3667604E22F0787600AB6C96 /* Info.plist */ = {isa = PBXFileReference; lastKnownFileType = text.plist.xml; path = Info.plist; sourceTree = "<group>"; };
		3667605922F07A3E00AB6C96 /* AudioService.swift */ = {isa = PBXFileReference; lastKnownFileType = sourcecode.swift; path = AudioService.swift; sourceTree = "<group>"; };
		3667605C22F07CB300AB6C96 /* AudioDevice.swift */ = {isa = PBXFileReference; lastKnownFileType = sourcecode.swift; path = AudioDevice.swift; sourceTree = "<group>"; };
		3667605F22F0828C00AB6C96 /* DeviceRowView.swift */ = {isa = PBXFileReference; lastKnownFileType = sourcecode.swift; path = DeviceRowView.swift; sourceTree = "<group>"; };
		3667606122F086C400AB6C96 /* SignalStream.swift */ = {isa = PBXFileReference; fileEncoding = 4; lastKnownFileType = sourcecode.swift; path = SignalStream.swift; sourceTree = "<group>"; };
		3667606422F0896000AB6C96 /* ViewModel.swift */ = {isa = PBXFileReference; lastKnownFileType = sourcecode.swift; path = ViewModel.swift; sourceTree = "<group>"; };
		3667606822F1923500AB6C96 /* UserDefaultsWrapper.swift */ = {isa = PBXFileReference; lastKnownFileType = sourcecode.swift; path = UserDefaultsWrapper.swift; sourceTree = "<group>"; };
/* End PBXFileReference section */

/* Begin PBXFrameworksBuildPhase section */
		3667602922F0787500AB6C96 /* Frameworks */ = {
			isa = PBXFrameworksBuildPhase;
			buildActionMask = 2147483647;
			files = (
			);
			runOnlyForDeploymentPostprocessing = 0;
		};
		3667603A22F0787600AB6C96 /* Frameworks */ = {
			isa = PBXFrameworksBuildPhase;
			buildActionMask = 2147483647;
			files = (
			);
			runOnlyForDeploymentPostprocessing = 0;
		};
		3667604522F0787600AB6C96 /* Frameworks */ = {
			isa = PBXFrameworksBuildPhase;
			buildActionMask = 2147483647;
			files = (
			);
			runOnlyForDeploymentPostprocessing = 0;
		};
/* End PBXFrameworksBuildPhase section */

/* Begin PBXGroup section */
		3667602D22F0787500AB6C96 /* AudioFixer */ = {
			isa = PBXGroup;
			children = (
				3667606722F1921E00AB6C96 /* Database */,
				3667606122F086C400AB6C96 /* SignalStream.swift */,
				3667605E22F0827C00AB6C96 /* Views */,
				3667605B22F07CA900AB6C96 /* Models */,
				3667605822F07A3100AB6C96 /* Services */,
				3667606322F0895400AB6C96 /* ViewModel */,
				3667606622F0898D00AB6C96 /* ViewController */,
				3667602E22F0787500AB6C96 /* AppDelegate.swift */,
				3667603222F0787600AB6C96 /* Assets.xcassets */,
				3667603422F0787600AB6C96 /* Main.storyboard */,
				3667603722F0787600AB6C96 /* Info.plist */,
				3667603822F0787600AB6C96 /* AudioFixer.entitlements */,
			);
			path = AudioFixer;
			sourceTree = "<group>";
		};
		3667604022F0787600AB6C96 /* AudioFixerTests */ = {
			isa = PBXGroup;
			children = (
				3667604122F0787600AB6C96 /* AudioFixerTests.swift */,
				3667604322F0787600AB6C96 /* Info.plist */,
			);
			path = AudioFixerTests;
			sourceTree = "<group>";
		};
		3667604B22F0787600AB6C96 /* AudioFixerUITests */ = {
			isa = PBXGroup;
			children = (
				3667604C22F0787600AB6C96 /* AudioFixerUITests.swift */,
				3667604E22F0787600AB6C96 /* Info.plist */,
			);
			path = AudioFixerUITests;
			sourceTree = "<group>";
		};
		3667605822F07A3100AB6C96 /* Services */ = {
			isa = PBXGroup;
			children = (
				3667605922F07A3E00AB6C96 /* AudioService.swift */,
			);
			path = Services;
			sourceTree = "<group>";
		};
		3667605B22F07CA900AB6C96 /* Models */ = {
			isa = PBXGroup;
			children = (
				3667605C22F07CB300AB6C96 /* AudioDevice.swift */,
			);
			path = Models;
			sourceTree = "<group>";
		};
		3667605E22F0827C00AB6C96 /* Views */ = {
			isa = PBXGroup;
			children = (
				3667605F22F0828C00AB6C96 /* DeviceRowView.swift */,
				363A2F8122F1D939006B28C1 /* DeviceView.swift */,
				363A2F8322F1E199006B28C1 /* ConfigurationView.swift */,
				363A2F8522F1E1CB006B28C1 /* DeviceListView.swift */,
			);
			path = Views;
			sourceTree = "<group>";
		};
		3667606322F0895400AB6C96 /* ViewModel */ = {
			isa = PBXGroup;
			children = (
				3667606422F0896000AB6C96 /* ViewModel.swift */,
			);
			path = ViewModel;
			sourceTree = "<group>";
		};
		3667606622F0898D00AB6C96 /* ViewController */ = {
			isa = PBXGroup;
			children = (
				3667603022F0787500AB6C96 /* ViewController.swift */,
			);
			path = ViewController;
			sourceTree = "<group>";
		};
		3667606722F1921E00AB6C96 /* Database */ = {
			isa = PBXGroup;
			children = (
				3667606822F1923500AB6C96 /* UserDefaultsWrapper.swift */,
			);
			path = Database;
			sourceTree = "<group>";
		};
		OBJ_14 /* Products */ = {
			isa = PBXGroup;
			children = (
				3667602C22F0787500AB6C96 /* AudioFixer.app */,
				3667603D22F0787600AB6C96 /* AudioFixerTests.xctest */,
				3667604822F0787600AB6C96 /* AudioFixerUITests.xctest */,
			);
			name = Products;
			sourceTree = BUILT_PRODUCTS_DIR;
		};
		OBJ_5 = {
			isa = PBXGroup;
			children = (
				3667602D22F0787500AB6C96 /* AudioFixer */,
				3667604022F0787600AB6C96 /* AudioFixerTests */,
				3667604B22F0787600AB6C96 /* AudioFixerUITests */,
				OBJ_14 /* Products */,
			);
			sourceTree = "<group>";
		};
/* End PBXGroup section */

/* Begin PBXNativeTarget section */
		3667602B22F0787500AB6C96 /* AudioFixer */ = {
			isa = PBXNativeTarget;
			buildConfigurationList = 3667604F22F0787600AB6C96 /* Build configuration list for PBXNativeTarget "AudioFixer" */;
			buildPhases = (
				3667602822F0787500AB6C96 /* Sources */,
				3667602922F0787500AB6C96 /* Frameworks */,
				3667602A22F0787500AB6C96 /* Resources */,
			);
			buildRules = (
			);
			dependencies = (
			);
			name = AudioFixer;
			productName = AudioFixer;
			productReference = 3667602C22F0787500AB6C96 /* AudioFixer.app */;
			productType = "com.apple.product-type.application";
		};
		3667603C22F0787600AB6C96 /* AudioFixerTests */ = {
			isa = PBXNativeTarget;
			buildConfigurationList = 3667605222F0787600AB6C96 /* Build configuration list for PBXNativeTarget "AudioFixerTests" */;
			buildPhases = (
				3667603922F0787600AB6C96 /* Sources */,
				3667603A22F0787600AB6C96 /* Frameworks */,
				3667603B22F0787600AB6C96 /* Resources */,
			);
			buildRules = (
			);
			dependencies = (
				3667603F22F0787600AB6C96 /* PBXTargetDependency */,
			);
			name = AudioFixerTests;
			productName = AudioFixerTests;
			productReference = 3667603D22F0787600AB6C96 /* AudioFixerTests.xctest */;
			productType = "com.apple.product-type.bundle.unit-test";
		};
		3667604722F0787600AB6C96 /* AudioFixerUITests */ = {
			isa = PBXNativeTarget;
			buildConfigurationList = 3667605522F0787600AB6C96 /* Build configuration list for PBXNativeTarget "AudioFixerUITests" */;
			buildPhases = (
				3667604422F0787600AB6C96 /* Sources */,
				3667604522F0787600AB6C96 /* Frameworks */,
				3667604622F0787600AB6C96 /* Resources */,
			);
			buildRules = (
			);
			dependencies = (
				3667604A22F0787600AB6C96 /* PBXTargetDependency */,
			);
			name = AudioFixerUITests;
			productName = AudioFixerUITests;
			productReference = 3667604822F0787600AB6C96 /* AudioFixerUITests.xctest */;
			productType = "com.apple.product-type.bundle.ui-testing";
		};
/* End PBXNativeTarget section */

/* Begin PBXProject section */
		OBJ_1 /* Project object */ = {
			isa = PBXProject;
			attributes = {
				LastSwiftMigration = 9999;
				LastSwiftUpdateCheck = 1030;
				LastUpgradeCheck = 9999;
				TargetAttributes = {
					3667602B22F0787500AB6C96 = {
						CreatedOnToolsVersion = 10.3;
						ProvisioningStyle = Automatic;
						SystemCapabilities = {
							com.apple.Sandbox = {
								enabled = 0;
							};
						};
					};
					3667603C22F0787600AB6C96 = {
						CreatedOnToolsVersion = 10.3;
						ProvisioningStyle = Automatic;
						TestTargetID = 3667602B22F0787500AB6C96;
					};
					3667604722F0787600AB6C96 = {
						CreatedOnToolsVersion = 10.3;
						ProvisioningStyle = Automatic;
						TestTargetID = 3667602B22F0787500AB6C96;
					};
				};
			};
			buildConfigurationList = OBJ_2 /* Build configuration list for PBXProject "AudioFixer" */;
			compatibilityVersion = "Xcode 3.2";
			developmentRegion = English;
			hasScannedForEncodings = 0;
			knownRegions = (
				English,
				en,
				Base,
			);
			mainGroup = OBJ_5;
			productRefGroup = OBJ_14 /* Products */;
			projectDirPath = "";
			projectRoot = "";
			targets = (
				3667602B22F0787500AB6C96 /* AudioFixer */,
				3667603C22F0787600AB6C96 /* AudioFixerTests */,
				3667604722F0787600AB6C96 /* AudioFixerUITests */,
			);
		};
/* End PBXProject section */

/* Begin PBXResourcesBuildPhase section */
		3667602A22F0787500AB6C96 /* Resources */ = {
			isa = PBXResourcesBuildPhase;
			buildActionMask = 2147483647;
			files = (
				3667603322F0787600AB6C96 /* Assets.xcassets in Resources */,
				3667603622F0787600AB6C96 /* Main.storyboard in Resources */,
			);
			runOnlyForDeploymentPostprocessing = 0;
		};
		3667603B22F0787600AB6C96 /* Resources */ = {
			isa = PBXResourcesBuildPhase;
			buildActionMask = 2147483647;
			files = (
			);
			runOnlyForDeploymentPostprocessing = 0;
		};
		3667604622F0787600AB6C96 /* Resources */ = {
			isa = PBXResourcesBuildPhase;
			buildActionMask = 2147483647;
			files = (
			);
			runOnlyForDeploymentPostprocessing = 0;
		};
/* End PBXResourcesBuildPhase section */

/* Begin PBXSourcesBuildPhase section */
		3667602822F0787500AB6C96 /* Sources */ = {
			isa = PBXSourcesBuildPhase;
			buildActionMask = 2147483647;
			files = (
				3667603122F0787500AB6C96 /* ViewController.swift in Sources */,
				363A2F8422F1E199006B28C1 /* ConfigurationView.swift in Sources */,
				3667602F22F0787500AB6C96 /* AppDelegate.swift in Sources */,
				363A2F8222F1D939006B28C1 /* DeviceView.swift in Sources */,
				3667606022F0828C00AB6C96 /* DeviceRowView.swift in Sources */,
				3667606222F086C400AB6C96 /* SignalStream.swift in Sources */,
				3667606922F1923500AB6C96 /* UserDefaultsWrapper.swift in Sources */,
				363A2F8622F1E1CB006B28C1 /* DeviceListView.swift in Sources */,
				3667605D22F07CB300AB6C96 /* AudioDevice.swift in Sources */,
				3667605A22F07A3E00AB6C96 /* AudioService.swift in Sources */,
				3667606522F0896000AB6C96 /* ViewModel.swift in Sources */,
			);
			runOnlyForDeploymentPostprocessing = 0;
		};
		3667603922F0787600AB6C96 /* Sources */ = {
			isa = PBXSourcesBuildPhase;
			buildActionMask = 2147483647;
			files = (
				3667604222F0787600AB6C96 /* AudioFixerTests.swift in Sources */,
			);
			runOnlyForDeploymentPostprocessing = 0;
		};
		3667604422F0787600AB6C96 /* Sources */ = {
			isa = PBXSourcesBuildPhase;
			buildActionMask = 2147483647;
			files = (
				3667604D22F0787600AB6C96 /* AudioFixerUITests.swift in Sources */,
			);
			runOnlyForDeploymentPostprocessing = 0;
		};
/* End PBXSourcesBuildPhase section */

/* Begin PBXTargetDependency section */
		3667603F22F0787600AB6C96 /* PBXTargetDependency */ = {
			isa = PBXTargetDependency;
			target = 3667602B22F0787500AB6C96 /* AudioFixer */;
			targetProxy = 3667603E22F0787600AB6C96 /* PBXContainerItemProxy */;
		};
		3667604A22F0787600AB6C96 /* PBXTargetDependency */ = {
			isa = PBXTargetDependency;
			target = 3667602B22F0787500AB6C96 /* AudioFixer */;
			targetProxy = 3667604922F0787600AB6C96 /* PBXContainerItemProxy */;
		};
/* End PBXTargetDependency section */

/* Begin PBXVariantGroup section */
		3667603422F0787600AB6C96 /* Main.storyboard */ = {
			isa = PBXVariantGroup;
			children = (
				3667603522F0787600AB6C96 /* Base */,
			);
			name = Main.storyboard;
			sourceTree = "<group>";
		};
/* End PBXVariantGroup section */

/* Begin XCBuildConfiguration section */
		3667605022F0787600AB6C96 /* Debug */ = {
			isa = XCBuildConfiguration;
			buildSettings = {
				ALWAYS_SEARCH_USER_PATHS = NO;
				ASSETCATALOG_COMPILER_APPICON_NAME = AppIcon;
				CLANG_ANALYZER_NONNULL = YES;
				CLANG_ANALYZER_NUMBER_OBJECT_CONVERSION = YES_AGGRESSIVE;
				CLANG_CXX_LANGUAGE_STANDARD = "gnu++14";
				CLANG_CXX_LIBRARY = "libc++";
				CLANG_ENABLE_MODULES = YES;
				CLANG_ENABLE_OBJC_WEAK = YES;
				CLANG_WARN_BLOCK_CAPTURE_AUTORELEASING = YES;
				CLANG_WARN_BOOL_CONVERSION = YES;
				CLANG_WARN_COMMA = YES;
				CLANG_WARN_CONSTANT_CONVERSION = YES;
				CLANG_WARN_DEPRECATED_OBJC_IMPLEMENTATIONS = YES;
				CLANG_WARN_DIRECT_OBJC_ISA_USAGE = YES_ERROR;
				CLANG_WARN_DOCUMENTATION_COMMENTS = YES;
				CLANG_WARN_EMPTY_BODY = YES;
				CLANG_WARN_ENUM_CONVERSION = YES;
				CLANG_WARN_INFINITE_RECURSION = YES;
				CLANG_WARN_INT_CONVERSION = YES;
				CLANG_WARN_NON_LITERAL_NULL_CONVERSION = YES;
				CLANG_WARN_OBJC_IMPLICIT_RETAIN_SELF = YES;
				CLANG_WARN_OBJC_LITERAL_CONVERSION = YES;
				CLANG_WARN_OBJC_ROOT_CLASS = YES_ERROR;
				CLANG_WARN_RANGE_LOOP_ANALYSIS = YES;
				CLANG_WARN_STRICT_PROTOTYPES = YES;
				CLANG_WARN_SUSPICIOUS_MOVE = YES;
				CLANG_WARN_UNGUARDED_AVAILABILITY = YES_AGGRESSIVE;
				CLANG_WARN_UNREACHABLE_CODE = YES;
				CLANG_WARN__DUPLICATE_METHOD_MATCH = YES;
				CODE_SIGN_IDENTITY = "-";
				CODE_SIGN_STYLE = Automatic;
				COMBINE_HIDPI_IMAGES = YES;
				DEBUG_INFORMATION_FORMAT = "dwarf-with-dsym";
				DYLIB_INSTALL_NAME_BASE = "";
				ENABLE_STRICT_OBJC_MSGSEND = YES;
				ENABLE_TESTABILITY = NO;
				GCC_C_LANGUAGE_STANDARD = gnu11;
				GCC_DYNAMIC_NO_PIC = NO;
				GCC_NO_COMMON_BLOCKS = YES;
				GCC_OPTIMIZATION_LEVEL = s;
				GCC_PREPROCESSOR_DEFINITIONS = (
					"DEBUG=1",
					"$(inherited)",
				);
				GCC_WARN_64_TO_32_BIT_CONVERSION = YES;
				GCC_WARN_ABOUT_RETURN_TYPE = YES_ERROR;
				GCC_WARN_UNDECLARED_SELECTOR = YES;
				GCC_WARN_UNINITIALIZED_AUTOS = YES_AGGRESSIVE;
				GCC_WARN_UNUSED_FUNCTION = YES;
				GCC_WARN_UNUSED_VARIABLE = YES;
				INFOPLIST_FILE = AudioFixer/Info.plist;
				LD_RUNPATH_SEARCH_PATHS = "$(inherited) @executable_path/../Frameworks";
				MACOSX_DEPLOYMENT_TARGET = 10.14;
				MTL_ENABLE_DEBUG_INFO = INCLUDE_SOURCE;
				MTL_FAST_MATH = YES;
				ONLY_ACTIVE_ARCH = NO;
				PRODUCT_BUNDLE_IDENTIFIER = CTW.AudioFixer;
				PRODUCT_NAME = "$(TARGET_NAME)";
				SUPPORTED_PLATFORMS = macosx;
				SWIFT_ACTIVE_COMPILATION_CONDITIONS = DEBUG;
				SWIFT_VERSION = 5.0;
			};
			name = Debug;
		};
		3667605122F0787600AB6C96 /* Release */ = {
			isa = XCBuildConfiguration;
			buildSettings = {
				ALWAYS_SEARCH_USER_PATHS = NO;
				ASSETCATALOG_COMPILER_APPICON_NAME = AppIcon;
				CLANG_ANALYZER_NONNULL = YES;
				CLANG_ANALYZER_NUMBER_OBJECT_CONVERSION = YES_AGGRESSIVE;
				CLANG_CXX_LANGUAGE_STANDARD = "gnu++14";
				CLANG_CXX_LIBRARY = "libc++";
				CLANG_ENABLE_MODULES = YES;
				CLANG_ENABLE_OBJC_WEAK = YES;
				CLANG_WARN_BLOCK_CAPTURE_AUTORELEASING = YES;
				CLANG_WARN_BOOL_CONVERSION = YES;
				CLANG_WARN_COMMA = YES;
				CLANG_WARN_CONSTANT_CONVERSION = YES;
				CLANG_WARN_DEPRECATED_OBJC_IMPLEMENTATIONS = YES;
				CLANG_WARN_DIRECT_OBJC_ISA_USAGE = YES_ERROR;
				CLANG_WARN_DOCUMENTATION_COMMENTS = YES;
				CLANG_WARN_EMPTY_BODY = YES;
				CLANG_WARN_ENUM_CONVERSION = YES;
				CLANG_WARN_INFINITE_RECURSION = YES;
				CLANG_WARN_INT_CONVERSION = YES;
				CLANG_WARN_NON_LITERAL_NULL_CONVERSION = YES;
				CLANG_WARN_OBJC_IMPLICIT_RETAIN_SELF = YES;
				CLANG_WARN_OBJC_LITERAL_CONVERSION = YES;
				CLANG_WARN_OBJC_ROOT_CLASS = YES_ERROR;
				CLANG_WARN_RANGE_LOOP_ANALYSIS = YES;
				CLANG_WARN_STRICT_PROTOTYPES = YES;
				CLANG_WARN_SUSPICIOUS_MOVE = YES;
				CLANG_WARN_UNGUARDED_AVAILABILITY = YES_AGGRESSIVE;
				CLANG_WARN_UNREACHABLE_CODE = YES;
				CLANG_WARN__DUPLICATE_METHOD_MATCH = YES;
				CODE_SIGN_IDENTITY = "-";
				CODE_SIGN_STYLE = Automatic;
				COMBINE_HIDPI_IMAGES = YES;
				COPY_PHASE_STRIP = NO;
				DEBUG_INFORMATION_FORMAT = "dwarf-with-dsym";
				DYLIB_INSTALL_NAME_BASE = "";
				ENABLE_NS_ASSERTIONS = NO;
				ENABLE_STRICT_OBJC_MSGSEND = YES;
				ENABLE_TESTABILITY = NO;
				GCC_C_LANGUAGE_STANDARD = gnu11;
				GCC_NO_COMMON_BLOCKS = YES;
				GCC_OPTIMIZATION_LEVEL = s;
				GCC_WARN_64_TO_32_BIT_CONVERSION = YES;
				GCC_WARN_ABOUT_RETURN_TYPE = YES_ERROR;
				GCC_WARN_UNDECLARED_SELECTOR = YES;
				GCC_WARN_UNINITIALIZED_AUTOS = YES_AGGRESSIVE;
				GCC_WARN_UNUSED_FUNCTION = YES;
				GCC_WARN_UNUSED_VARIABLE = YES;
				INFOPLIST_FILE = AudioFixer/Info.plist;
				LD_RUNPATH_SEARCH_PATHS = "$(inherited) @executable_path/../Frameworks";
				MACOSX_DEPLOYMENT_TARGET = 10.14;
				MTL_ENABLE_DEBUG_INFO = NO;
				MTL_FAST_MATH = YES;
				ONLY_ACTIVE_ARCH = NO;
				PRODUCT_BUNDLE_IDENTIFIER = CTW.AudioFixer;
				PRODUCT_NAME = "$(TARGET_NAME)";
				SUPPORTED_PLATFORMS = macosx;
				SWIFT_VERSION = 5.0;
			};
			name = Release;
		};
		3667605322F0787600AB6C96 /* Debug */ = {
			isa = XCBuildConfiguration;
			buildSettings = {
				ALWAYS_EMBED_SWIFT_STANDARD_LIBRARIES = YES;
				ALWAYS_SEARCH_USER_PATHS = NO;
				BUNDLE_LOADER = "$(TEST_HOST)";
				CLANG_ANALYZER_NONNULL = YES;
				CLANG_ANALYZER_NUMBER_OBJECT_CONVERSION = YES_AGGRESSIVE;
				CLANG_CXX_LANGUAGE_STANDARD = "gnu++14";
				CLANG_CXX_LIBRARY = "libc++";
				CLANG_ENABLE_MODULES = YES;
				CLANG_ENABLE_OBJC_WEAK = YES;
				CLANG_WARN_BLOCK_CAPTURE_AUTORELEASING = YES;
				CLANG_WARN_BOOL_CONVERSION = YES;
				CLANG_WARN_COMMA = YES;
				CLANG_WARN_CONSTANT_CONVERSION = YES;
				CLANG_WARN_DEPRECATED_OBJC_IMPLEMENTATIONS = YES;
				CLANG_WARN_DIRECT_OBJC_ISA_USAGE = YES_ERROR;
				CLANG_WARN_DOCUMENTATION_COMMENTS = YES;
				CLANG_WARN_EMPTY_BODY = YES;
				CLANG_WARN_ENUM_CONVERSION = YES;
				CLANG_WARN_INFINITE_RECURSION = YES;
				CLANG_WARN_INT_CONVERSION = YES;
				CLANG_WARN_NON_LITERAL_NULL_CONVERSION = YES;
				CLANG_WARN_OBJC_IMPLICIT_RETAIN_SELF = YES;
				CLANG_WARN_OBJC_LITERAL_CONVERSION = YES;
				CLANG_WARN_OBJC_ROOT_CLASS = YES_ERROR;
				CLANG_WARN_RANGE_LOOP_ANALYSIS = YES;
				CLANG_WARN_STRICT_PROTOTYPES = YES;
				CLANG_WARN_SUSPICIOUS_MOVE = YES;
				CLANG_WARN_UNGUARDED_AVAILABILITY = YES_AGGRESSIVE;
				CLANG_WARN_UNREACHABLE_CODE = YES;
				CLANG_WARN__DUPLICATE_METHOD_MATCH = YES;
				CODE_SIGN_IDENTITY = "-";
				CODE_SIGN_STYLE = Automatic;
				COMBINE_HIDPI_IMAGES = YES;
				ENABLE_STRICT_OBJC_MSGSEND = YES;
				ENABLE_TESTABILITY = YES;
				GCC_C_LANGUAGE_STANDARD = gnu11;
				GCC_DYNAMIC_NO_PIC = NO;
				GCC_NO_COMMON_BLOCKS = YES;
				GCC_PREPROCESSOR_DEFINITIONS = (
					"DEBUG=1",
					"$(inherited)",
				);
				GCC_WARN_64_TO_32_BIT_CONVERSION = YES;
				GCC_WARN_ABOUT_RETURN_TYPE = YES_ERROR;
				GCC_WARN_UNDECLARED_SELECTOR = YES;
				GCC_WARN_UNINITIALIZED_AUTOS = YES_AGGRESSIVE;
				GCC_WARN_UNUSED_FUNCTION = YES;
				GCC_WARN_UNUSED_VARIABLE = YES;
				INFOPLIST_FILE = AudioFixerTests/Info.plist;
				LD_RUNPATH_SEARCH_PATHS = "$(inherited) @executable_path/../Frameworks @loader_path/../Frameworks";
				MACOSX_DEPLOYMENT_TARGET = 10.14;
				MTL_ENABLE_DEBUG_INFO = INCLUDE_SOURCE;
				MTL_FAST_MATH = YES;
				PRODUCT_BUNDLE_IDENTIFIER = CTW.AudioFixerTests;
				PRODUCT_NAME = "$(TARGET_NAME)";
				SWIFT_ACTIVE_COMPILATION_CONDITIONS = DEBUG;
				SWIFT_VERSION = 5.0;
				TEST_HOST = "$(BUILT_PRODUCTS_DIR)/AudioFixer.app/Contents/MacOS/AudioFixer";
			};
			name = Debug;
		};
		3667605422F0787600AB6C96 /* Release */ = {
			isa = XCBuildConfiguration;
			buildSettings = {
				ALWAYS_EMBED_SWIFT_STANDARD_LIBRARIES = YES;
				ALWAYS_SEARCH_USER_PATHS = NO;
				BUNDLE_LOADER = "$(TEST_HOST)";
				CLANG_ANALYZER_NONNULL = YES;
				CLANG_ANALYZER_NUMBER_OBJECT_CONVERSION = YES_AGGRESSIVE;
				CLANG_CXX_LANGUAGE_STANDARD = "gnu++14";
				CLANG_CXX_LIBRARY = "libc++";
				CLANG_ENABLE_MODULES = YES;
				CLANG_ENABLE_OBJC_WEAK = YES;
				CLANG_WARN_BLOCK_CAPTURE_AUTORELEASING = YES;
				CLANG_WARN_BOOL_CONVERSION = YES;
				CLANG_WARN_COMMA = YES;
				CLANG_WARN_CONSTANT_CONVERSION = YES;
				CLANG_WARN_DEPRECATED_OBJC_IMPLEMENTATIONS = YES;
				CLANG_WARN_DIRECT_OBJC_ISA_USAGE = YES_ERROR;
				CLANG_WARN_DOCUMENTATION_COMMENTS = YES;
				CLANG_WARN_EMPTY_BODY = YES;
				CLANG_WARN_ENUM_CONVERSION = YES;
				CLANG_WARN_INFINITE_RECURSION = YES;
				CLANG_WARN_INT_CONVERSION = YES;
				CLANG_WARN_NON_LITERAL_NULL_CONVERSION = YES;
				CLANG_WARN_OBJC_IMPLICIT_RETAIN_SELF = YES;
				CLANG_WARN_OBJC_LITERAL_CONVERSION = YES;
				CLANG_WARN_OBJC_ROOT_CLASS = YES_ERROR;
				CLANG_WARN_RANGE_LOOP_ANALYSIS = YES;
				CLANG_WARN_STRICT_PROTOTYPES = YES;
				CLANG_WARN_SUSPICIOUS_MOVE = YES;
				CLANG_WARN_UNGUARDED_AVAILABILITY = YES_AGGRESSIVE;
				CLANG_WARN_UNREACHABLE_CODE = YES;
				CLANG_WARN__DUPLICATE_METHOD_MATCH = YES;
				CODE_SIGN_IDENTITY = "-";
				CODE_SIGN_STYLE = Automatic;
				COMBINE_HIDPI_IMAGES = YES;
				COPY_PHASE_STRIP = NO;
				ENABLE_NS_ASSERTIONS = NO;
				ENABLE_STRICT_OBJC_MSGSEND = YES;
				GCC_C_LANGUAGE_STANDARD = gnu11;
				GCC_NO_COMMON_BLOCKS = YES;
				GCC_WARN_64_TO_32_BIT_CONVERSION = YES;
				GCC_WARN_ABOUT_RETURN_TYPE = YES_ERROR;
				GCC_WARN_UNDECLARED_SELECTOR = YES;
				GCC_WARN_UNINITIALIZED_AUTOS = YES_AGGRESSIVE;
				GCC_WARN_UNUSED_FUNCTION = YES;
				GCC_WARN_UNUSED_VARIABLE = YES;
				INFOPLIST_FILE = AudioFixerTests/Info.plist;
				LD_RUNPATH_SEARCH_PATHS = "$(inherited) @executable_path/../Frameworks @loader_path/../Frameworks";
				MACOSX_DEPLOYMENT_TARGET = 10.14;
				MTL_ENABLE_DEBUG_INFO = NO;
				MTL_FAST_MATH = YES;
				PRODUCT_BUNDLE_IDENTIFIER = CTW.AudioFixerTests;
				PRODUCT_NAME = "$(TARGET_NAME)";
				SWIFT_VERSION = 5.0;
				TEST_HOST = "$(BUILT_PRODUCTS_DIR)/AudioFixer.app/Contents/MacOS/AudioFixer";
			};
			name = Release;
		};
		3667605622F0787600AB6C96 /* Debug */ = {
			isa = XCBuildConfiguration;
			buildSettings = {
				ALWAYS_EMBED_SWIFT_STANDARD_LIBRARIES = YES;
				ALWAYS_SEARCH_USER_PATHS = NO;
				CLANG_ANALYZER_NONNULL = YES;
				CLANG_ANALYZER_NUMBER_OBJECT_CONVERSION = YES_AGGRESSIVE;
				CLANG_CXX_LANGUAGE_STANDARD = "gnu++14";
				CLANG_CXX_LIBRARY = "libc++";
				CLANG_ENABLE_MODULES = YES;
				CLANG_ENABLE_OBJC_WEAK = YES;
				CLANG_WARN_BLOCK_CAPTURE_AUTORELEASING = YES;
				CLANG_WARN_BOOL_CONVERSION = YES;
				CLANG_WARN_COMMA = YES;
				CLANG_WARN_CONSTANT_CONVERSION = YES;
				CLANG_WARN_DEPRECATED_OBJC_IMPLEMENTATIONS = YES;
				CLANG_WARN_DIRECT_OBJC_ISA_USAGE = YES_ERROR;
				CLANG_WARN_DOCUMENTATION_COMMENTS = YES;
				CLANG_WARN_EMPTY_BODY = YES;
				CLANG_WARN_ENUM_CONVERSION = YES;
				CLANG_WARN_INFINITE_RECURSION = YES;
				CLANG_WARN_INT_CONVERSION = YES;
				CLANG_WARN_NON_LITERAL_NULL_CONVERSION = YES;
				CLANG_WARN_OBJC_IMPLICIT_RETAIN_SELF = YES;
				CLANG_WARN_OBJC_LITERAL_CONVERSION = YES;
				CLANG_WARN_OBJC_ROOT_CLASS = YES_ERROR;
				CLANG_WARN_RANGE_LOOP_ANALYSIS = YES;
				CLANG_WARN_STRICT_PROTOTYPES = YES;
				CLANG_WARN_SUSPICIOUS_MOVE = YES;
				CLANG_WARN_UNGUARDED_AVAILABILITY = YES_AGGRESSIVE;
				CLANG_WARN_UNREACHABLE_CODE = YES;
				CLANG_WARN__DUPLICATE_METHOD_MATCH = YES;
				CODE_SIGN_IDENTITY = "-";
				CODE_SIGN_STYLE = Automatic;
				COMBINE_HIDPI_IMAGES = YES;
				ENABLE_STRICT_OBJC_MSGSEND = YES;
				ENABLE_TESTABILITY = YES;
				GCC_C_LANGUAGE_STANDARD = gnu11;
				GCC_DYNAMIC_NO_PIC = NO;
				GCC_NO_COMMON_BLOCKS = YES;
				GCC_PREPROCESSOR_DEFINITIONS = (
					"DEBUG=1",
					"$(inherited)",
				);
				GCC_WARN_64_TO_32_BIT_CONVERSION = YES;
				GCC_WARN_ABOUT_RETURN_TYPE = YES_ERROR;
				GCC_WARN_UNDECLARED_SELECTOR = YES;
				GCC_WARN_UNINITIALIZED_AUTOS = YES_AGGRESSIVE;
				GCC_WARN_UNUSED_FUNCTION = YES;
				GCC_WARN_UNUSED_VARIABLE = YES;
				INFOPLIST_FILE = AudioFixerUITests/Info.plist;
				LD_RUNPATH_SEARCH_PATHS = "$(inherited) @executable_path/../Frameworks @loader_path/../Frameworks";
				MACOSX_DEPLOYMENT_TARGET = 10.14;
				MTL_ENABLE_DEBUG_INFO = INCLUDE_SOURCE;
				MTL_FAST_MATH = YES;
				PRODUCT_BUNDLE_IDENTIFIER = CTW.AudioFixerUITests;
				PRODUCT_NAME = "$(TARGET_NAME)";
				SWIFT_ACTIVE_COMPILATION_CONDITIONS = DEBUG;
				SWIFT_VERSION = 5.0;
				TEST_TARGET_NAME = AudioFixer;
			};
			name = Debug;
		};
		3667605722F0787600AB6C96 /* Release */ = {
			isa = XCBuildConfiguration;
			buildSettings = {
				ALWAYS_EMBED_SWIFT_STANDARD_LIBRARIES = YES;
				ALWAYS_SEARCH_USER_PATHS = NO;
				CLANG_ANALYZER_NONNULL = YES;
				CLANG_ANALYZER_NUMBER_OBJECT_CONVERSION = YES_AGGRESSIVE;
				CLANG_CXX_LANGUAGE_STANDARD = "gnu++14";
				CLANG_CXX_LIBRARY = "libc++";
				CLANG_ENABLE_MODULES = YES;
				CLANG_ENABLE_OBJC_WEAK = YES;
				CLANG_WARN_BLOCK_CAPTURE_AUTORELEASING = YES;
				CLANG_WARN_BOOL_CONVERSION = YES;
				CLANG_WARN_COMMA = YES;
				CLANG_WARN_CONSTANT_CONVERSION = YES;
				CLANG_WARN_DEPRECATED_OBJC_IMPLEMENTATIONS = YES;
				CLANG_WARN_DIRECT_OBJC_ISA_USAGE = YES_ERROR;
				CLANG_WARN_DOCUMENTATION_COMMENTS = YES;
				CLANG_WARN_EMPTY_BODY = YES;
				CLANG_WARN_ENUM_CONVERSION = YES;
				CLANG_WARN_INFINITE_RECURSION = YES;
				CLANG_WARN_INT_CONVERSION = YES;
				CLANG_WARN_NON_LITERAL_NULL_CONVERSION = YES;
				CLANG_WARN_OBJC_IMPLICIT_RETAIN_SELF = YES;
				CLANG_WARN_OBJC_LITERAL_CONVERSION = YES;
				CLANG_WARN_OBJC_ROOT_CLASS = YES_ERROR;
				CLANG_WARN_RANGE_LOOP_ANALYSIS = YES;
				CLANG_WARN_STRICT_PROTOTYPES = YES;
				CLANG_WARN_SUSPICIOUS_MOVE = YES;
				CLANG_WARN_UNGUARDED_AVAILABILITY = YES_AGGRESSIVE;
				CLANG_WARN_UNREACHABLE_CODE = YES;
				CLANG_WARN__DUPLICATE_METHOD_MATCH = YES;
				CODE_SIGN_IDENTITY = "-";
				CODE_SIGN_STYLE = Automatic;
				COMBINE_HIDPI_IMAGES = YES;
				COPY_PHASE_STRIP = NO;
				ENABLE_NS_ASSERTIONS = NO;
				ENABLE_STRICT_OBJC_MSGSEND = YES;
				GCC_C_LANGUAGE_STANDARD = gnu11;
				GCC_NO_COMMON_BLOCKS = YES;
				GCC_WARN_64_TO_32_BIT_CONVERSION = YES;
				GCC_WARN_ABOUT_RETURN_TYPE = YES_ERROR;
				GCC_WARN_UNDECLARED_SELECTOR = YES;
				GCC_WARN_UNINITIALIZED_AUTOS = YES_AGGRESSIVE;
				GCC_WARN_UNUSED_FUNCTION = YES;
				GCC_WARN_UNUSED_VARIABLE = YES;
				INFOPLIST_FILE = AudioFixerUITests/Info.plist;
				LD_RUNPATH_SEARCH_PATHS = "$(inherited) @executable_path/../Frameworks @loader_path/../Frameworks";
				MACOSX_DEPLOYMENT_TARGET = 10.14;
				MTL_ENABLE_DEBUG_INFO = NO;
				MTL_FAST_MATH = YES;
				PRODUCT_BUNDLE_IDENTIFIER = CTW.AudioFixerUITests;
				PRODUCT_NAME = "$(TARGET_NAME)";
				SWIFT_VERSION = 5.0;
				TEST_TARGET_NAME = AudioFixer;
			};
			name = Release;
		};
		OBJ_3 /* Debug */ = {
			isa = XCBuildConfiguration;
			buildSettings = {
				CLANG_ENABLE_OBJC_ARC = YES;
				COMBINE_HIDPI_IMAGES = YES;
				COPY_PHASE_STRIP = NO;
				DEBUG_INFORMATION_FORMAT = dwarf;
				DYLIB_INSTALL_NAME_BASE = "@rpath";
				ENABLE_NS_ASSERTIONS = YES;
				GCC_OPTIMIZATION_LEVEL = 0;
				GCC_PREPROCESSOR_DEFINITIONS = (
					"$(inherited)",
					"SWIFT_PACKAGE=1",
					"DEBUG=1",
				);
				MACOSX_DEPLOYMENT_TARGET = 10.10;
				ONLY_ACTIVE_ARCH = NO;
				OTHER_SWIFT_FLAGS = "-DXcode";
				PRODUCT_NAME = "$(TARGET_NAME)";
				SDKROOT = macosx;
				SUPPORTED_PLATFORMS = macosx;
				SWIFT_ACTIVE_COMPILATION_CONDITIONS = "$(inherited) SWIFT_PACKAGE DEBUG";
				SWIFT_OPTIMIZATION_LEVEL = "-Onone";
				USE_HEADERMAP = NO;
			};
			name = Debug;
		};
		OBJ_4 /* Release */ = {
			isa = XCBuildConfiguration;
			buildSettings = {
				CLANG_ENABLE_OBJC_ARC = YES;
				COMBINE_HIDPI_IMAGES = YES;
				COPY_PHASE_STRIP = YES;
				DEBUG_INFORMATION_FORMAT = "dwarf-with-dsym";
				DYLIB_INSTALL_NAME_BASE = "@rpath";
				GCC_OPTIMIZATION_LEVEL = s;
				GCC_PREPROCESSOR_DEFINITIONS = (
					"$(inherited)",
					"SWIFT_PACKAGE=1",
				);
				MACOSX_DEPLOYMENT_TARGET = 10.10;
				OTHER_SWIFT_FLAGS = "-DXcode";
				PRODUCT_NAME = "$(TARGET_NAME)";
				SDKROOT = macosx;
				SUPPORTED_PLATFORMS = macosx;
				SWIFT_ACTIVE_COMPILATION_CONDITIONS = "$(inherited) SWIFT_PACKAGE";
				SWIFT_OPTIMIZATION_LEVEL = "-Owholemodule";
				USE_HEADERMAP = NO;
			};
			name = Release;
		};
/* End XCBuildConfiguration section */

/* Begin XCConfigurationList section */
		3667604F22F0787600AB6C96 /* Build configuration list for PBXNativeTarget "AudioFixer" */ = {
			isa = XCConfigurationList;
			buildConfigurations = (
				3667605022F0787600AB6C96 /* Debug */,
				3667605122F0787600AB6C96 /* Release */,
			);
			defaultConfigurationIsVisible = 0;
			defaultConfigurationName = Release;
		};
		3667605222F0787600AB6C96 /* Build configuration list for PBXNativeTarget "AudioFixerTests" */ = {
			isa = XCConfigurationList;
			buildConfigurations = (
				3667605322F0787600AB6C96 /* Debug */,
				3667605422F0787600AB6C96 /* Release */,
			);
			defaultConfigurationIsVisible = 0;
			defaultConfigurationName = Release;
		};
		3667605522F0787600AB6C96 /* Build configuration list for PBXNativeTarget "AudioFixerUITests" */ = {
			isa = XCConfigurationList;
			buildConfigurations = (
				3667605622F0787600AB6C96 /* Debug */,
				3667605722F0787600AB6C96 /* Release */,
			);
			defaultConfigurationIsVisible = 0;
			defaultConfigurationName = Release;
		};
		OBJ_2 /* Build configuration list for PBXProject "AudioFixer" */ = {
			isa = XCConfigurationList;
			buildConfigurations = (
				OBJ_3 /* Debug */,
				OBJ_4 /* Release */,
			);
			defaultConfigurationIsVisible = 0;
			defaultConfigurationName = Release;
		};
/* End XCConfigurationList section */
	};
	rootObject = OBJ_1 /* Project object */;
}
